// !$*UTF8*$!
{
	archiveVersion = 1;
	classes = {
	};
	objectVersion = 55;
	objects = {

/* Begin PBXBuildFile section */
		00BC38116B751B821A632891 /* OpenDocModels.swift in Sources */ = {isa = PBXBuildFile; fileRef = 45A7648614273CF2676C545D /* OpenDocModels.swift */; };
		055A707B432391C5B5CAD6DD /* UITableView+RegisterCellsHelper.swift in Sources */ = {isa = PBXBuildFile; fileRef = 4824AF9F0FE16FF0860E8C74 /* UITableView+RegisterCellsHelper.swift */; };
		086DC84D1B02D53FBA6ECA5A /* LaunchScreen.storyboard in Resources */ = {isa = PBXBuildFile; fileRef = F0AC866C81F1CF12B519071A /* LaunchScreen.storyboard */; };
		0938A1D59C8263B30A5B9C9E /* MainPresenter.swift in Sources */ = {isa = PBXBuildFile; fileRef = 901A5FDA8E6E925CAD325D91 /* MainPresenter.swift */; };
		1006A6D8931A4FBF89442141 /* OpenDocAssembler.swift in Sources */ = {isa = PBXBuildFile; fileRef = 9A4ADF3711D0BAB10701F67C /* OpenDocAssembler.swift */; };
		10A4B612668E2C4F5D66C656 /* OpenDocCell.swift in Sources */ = {isa = PBXBuildFile; fileRef = 28F16E9532C1E9913407011A /* OpenDocCell.swift */; };
		13446624DCA2D0BCB0809C3B /* AboutPresenter.swift in Sources */ = {isa = PBXBuildFile; fileRef = 28D978D35D21A7284D9CBC6B /* AboutPresenter.swift */; };
		17AE9640BE68430373A647C4 /* OpenDocPresenter.swift in Sources */ = {isa = PBXBuildFile; fileRef = 8C39C2A08F2F995BB442ABB1 /* OpenDocPresenter.swift */; };
		184190B6D1746E15B5A60477 /* AppDelegate.swift in Sources */ = {isa = PBXBuildFile; fileRef = 4AA67A6D797E879A9E168194 /* AppDelegate.swift */; };
		1AC8245A71A626745DFBE10F /* MainMenuManager.swift in Sources */ = {isa = PBXBuildFile; fileRef = C80CB3E902ACFD3EB24F080B /* MainMenuManager.swift */; };
		1C37BAEE4C98B5EA4F1C4DB0 /* AccessibilityIdentifier.swift in Sources */ = {isa = PBXBuildFile; fileRef = 271A1A20FFF20FD4F5993376 /* AccessibilityIdentifier.swift */; };
		1C81D392FF13A30579D19183 /* BoldAndItalic.md in Resources */ = {isa = PBXBuildFile; fileRef = 4818E7311E247AD0946419E6 /* BoldAndItalic.md */; };
		25C1C41AF244606D0911E2C4 /* AboutViewController.swift in Sources */ = {isa = PBXBuildFile; fileRef = 7764351E2FC82B1993533A00 /* AboutViewController.swift */; };
		36D5E6D6E3DB4D96C5BD0DC0 /* AboutModels.swift in Sources */ = {isa = PBXBuildFile; fileRef = 21522967D3C438021ED51D1E /* AboutModels.swift */; };
		37D5540B7114158C76B4AB75 /* Colours.swift in Sources */ = {isa = PBXBuildFile; fileRef = 98391EEA7D1E6D20CB6E706B /* Colours.swift */; };
		3D473087367671E230E6A629 /* TuistStrings+MdEditor.swift in Sources */ = {isa = PBXBuildFile; fileRef = 2146B48E6D3F1FF111EF4DF6 /* TuistStrings+MdEditor.swift */; };
		3DEE75A92FAAD48166D684EB /* OpenDocInteractor.swift in Sources */ = {isa = PBXBuildFile; fileRef = A8BAC19C1D449AFA48825B5E /* OpenDocInteractor.swift */; };
		452BEA49DC62A874F79A5F86 /* AccessibilityIdentifier.swift in Sources */ = {isa = PBXBuildFile; fileRef = 271A1A20FFF20FD4F5993376 /* AccessibilityIdentifier.swift */; };
		474B7736440D71FA1A0EE242 /* UICollectionViewCell+Preview.swift in Sources */ = {isa = PBXBuildFile; fileRef = F33CF8A96019133B621EFD5B /* UICollectionViewCell+Preview.swift */; };
		48DEFB3D1598621F3B115BF8 /* Localizable.strings in Resources */ = {isa = PBXBuildFile; fileRef = 83F786F873495E8F4A54D4E4 /* Localizable.strings */; };
		49E731B427F0B2F6AE3989CD /* UserDefaultsService.swift in Sources */ = {isa = PBXBuildFile; fileRef = D5DD05E9EFEB30C676B309A4 /* UserDefaultsService.swift */; };
		4F30407EC1BB396C54DBBE0C /* UIAlertController+action.swift in Sources */ = {isa = PBXBuildFile; fileRef = 9AC11F43CC55882467F1BDC1 /* UIAlertController+action.swift */; };
		56B1656AE8CDA94AA7DCB69E /* MainCell.swift in Sources */ = {isa = PBXBuildFile; fileRef = 6893FC0FFF843EBB807F75D4 /* MainCell.swift */; };
		690A52341E3C9B69FE264125 /* UICollectionView+RegisterItemsHelper.swift in Sources */ = {isa = PBXBuildFile; fileRef = C5C84FDA806792152A4731B7 /* UICollectionView+RegisterItemsHelper.swift */; };
		6A76E01E42A7F6DC954D5137 /* about_ru.md in Resources */ = {isa = PBXBuildFile; fileRef = D012491D510FADB27CF95BF2 /* about_ru.md */; };
		6A85067BC2FA42686897B008 /* Assets.xcassets in Resources */ = {isa = PBXBuildFile; fileRef = 539BC1828F0390BE2736252C /* Assets.xcassets */; };
		6C46C7BA6256CF12644BD034 /* RecentlyFilesManager.swift in Sources */ = {isa = PBXBuildFile; fileRef = E0167203A43200C06E57C946 /* RecentlyFilesManager.swift */; };
		72E54758EBF0A16DDDF417A9 /* AboutInteractor.swift in Sources */ = {isa = PBXBuildFile; fileRef = 4DA1D0072C3797657B12BB2F /* AboutInteractor.swift */; };
		81BB18ADECCACD0C0D5F54EC /* UIColor+Dynamic.swift in Sources */ = {isa = PBXBuildFile; fileRef = D48F69BE4F98B47A1E9CDDDE /* UIColor+Dynamic.swift */; };
		85F6A78D914ED63C5AA9867A /* MainAssembler.swift in Sources */ = {isa = PBXBuildFile; fileRef = 0312D9F2D7E59F2CD36F415E /* MainAssembler.swift */; };
		8799579A09BD3367FA709883 /* TuistBundle+MdEditor.swift in Sources */ = {isa = PBXBuildFile; fileRef = B64FAFD73B05D174B4BB4FE9 /* TuistBundle+MdEditor.swift */; };
		8A45F20EC98BDCD75C2EC16D /* about_en.md in Resources */ = {isa = PBXBuildFile; fileRef = F9EEDC5A70287A0DA8918D76 /* about_en.md */; };
		8B787052028DED3C264F75AE /* Bold.md in Resources */ = {isa = PBXBuildFile; fileRef = F3F730CCBD274C228812A07B /* Bold.md */; };
		9928DCE793DDB961185DA34F /* PinLayout.framework in Frameworks */ = {isa = PBXBuildFile; fileRef = 87C33385B7D2F46DBDD9E628 /* PinLayout.framework */; };
		9DC411CF7BE83AD7AF0B6BBC /* OpenDocRouter.swift in Sources */ = {isa = PBXBuildFile; fileRef = 358867F78EFEB2401B832CDA /* OpenDocRouter.swift */; };
		A5F323EC64C27FDACFFC1ECE /* AboutAssembler.swift in Sources */ = {isa = PBXBuildFile; fileRef = 733821DA41AAF90ED9065E55 /* AboutAssembler.swift */; };
		AAB23329167A3011386231C5 /* MainViewController.swift in Sources */ = {isa = PBXBuildFile; fileRef = 1917F6553370F828351DA0EA /* MainViewController.swift */; };
		AC3EC1E51EB8843A34308920 /* UIColor+Hex.swift in Sources */ = {isa = PBXBuildFile; fileRef = E631010F117550244EE1BC60 /* UIColor+Hex.swift */; };
		AE68099B036E9F6954E1CDBE /* Headings.md in Resources */ = {isa = PBXBuildFile; fileRef = A9CA0B51767FE22ECA6174E9 /* Headings.md */; };
		BAD0108AA5CD56D0091AA27F /* RecentlyItem.swift in Sources */ = {isa = PBXBuildFile; fileRef = 662A6D104BCFB76BF733809D /* RecentlyItem.swift */; };
		BB8288141B0B870649705614 /* MainInteractor.swift in Sources */ = {isa = PBXBuildFile; fileRef = 56AF3DFE43F2243A80332403 /* MainInteractor.swift */; };
		BFE8EEEA2FB80426E04C7396 /* UITableViewCell+Preview.swift in Sources */ = {isa = PBXBuildFile; fileRef = 9A0182D2AC5FE78159F7C5A7 /* UITableViewCell+Preview.swift */; };
		C3130D22AB5DAE7FB1ACF073 /* UIViewController+Preview.swift in Sources */ = {isa = PBXBuildFile; fileRef = 2AE2B06D55E7B1E030E81BED /* UIViewController+Preview.swift */; };
		C46FCCD5678456C7AC2CC43C /* MainRouter.swift in Sources */ = {isa = PBXBuildFile; fileRef = 947CD41A5C76EE9BCF21B1C1 /* MainRouter.swift */; };
		C84370D2E45F55CB006281CB /* FilesManager.swift in Sources */ = {isa = PBXBuildFile; fileRef = FCBEEEF2D5AEE1C52D394044 /* FilesManager.swift */; };
		C9609EBE65728EB9F277CB77 /* OpenDocViewController.swift in Sources */ = {isa = PBXBuildFile; fileRef = 5B3530538753BEB670802FA5 /* OpenDocViewController.swift */; };
		CFFBF5F2E1A4E16F7E62C8B0 /* MainModels.swift in Sources */ = {isa = PBXBuildFile; fileRef = 74F47D5DCBB8183BC6B836E1 /* MainModels.swift */; };
		D7E43D9A58A918F8D5DE36DB /* SceneDelegate.swift in Sources */ = {isa = PBXBuildFile; fileRef = C9C9D97092E752EEDA5C3129 /* SceneDelegate.swift */; };
		DAEDB255177C7DD1C8E07AFA /* MdEditorTests.swift in Sources */ = {isa = PBXBuildFile; fileRef = 955BC473DB20464852FF8F88 /* MdEditorTests.swift */; };
		DB2709406E3C9673821BF712 /* UIView+Extensions.swift in Sources */ = {isa = PBXBuildFile; fileRef = D506DBBA71AEDC34AF0B9BF7 /* UIView+Extensions.swift */; };
		E102701C955408854C01B18B /* MainRecentlyCell.swift in Sources */ = {isa = PBXBuildFile; fileRef = 98D83C4FB796EE287C7FD631 /* MainRecentlyCell.swift */; };
		E4D2D583493B6DE6D23B8C05 /* TuistAssets+MdEditor.swift in Sources */ = {isa = PBXBuildFile; fileRef = E309FE4100B60251AA15E612 /* TuistAssets+MdEditor.swift */; };
		EBC93580486A41DA91BAD1FB /* AboutWorker.swift in Sources */ = {isa = PBXBuildFile; fileRef = 6FD3993801E47D4D0F700A85 /* AboutWorker.swift */; };
		F4839095150E14E52F77C298 /* Italic.md in Resources */ = {isa = PBXBuildFile; fileRef = 4FD953FDB302FF3EC2E02DE9 /* Italic.md */; };
		F645B19EEEAC8BF253D5924E /* OpenDocFilesWorker.swift in Sources */ = {isa = PBXBuildFile; fileRef = B6506D06659F8BB94A17EA8C /* OpenDocFilesWorker.swift */; };
		FADF6D1DEC51B3A501CA8E36 /* Sizes.swift in Sources */ = {isa = PBXBuildFile; fileRef = 6AC8E9AC3E7CE279FD3FA105 /* Sizes.swift */; };
		FD0ED076CB41DB0BDAA3DA65 /* File.swift in Sources */ = {isa = PBXBuildFile; fileRef = DB53D71C54F8E3D48561E7BA /* File.swift */; };
/* End PBXBuildFile section */

/* Begin PBXContainerItemProxy section */
		93E6C52F3699DEA8CD132214 /* PBXContainerItemProxy */ = {
			isa = PBXContainerItemProxy;
			containerPortal = 4B0050D6E96ECDC31F3596D8 /* Project object */;
			proxyType = 1;
			remoteGlobalIDString = 182EAD9731EF0C0CEDFA91FA;
			remoteInfo = MdEditor;
		};
/* End PBXContainerItemProxy section */

/* Begin PBXCopyFilesBuildPhase section */
		E7FF6BD944BC806BBC7471BD /* Embed Frameworks */ = {
			isa = PBXCopyFilesBuildPhase;
			buildActionMask = 2147483647;
			dstPath = "";
			dstSubfolderSpec = 10;
			files = (
			);
			name = "Embed Frameworks";
			runOnlyForDeploymentPostprocessing = 0;
		};
		EFD6D557A83A5C4FBBA31CD2 /* Embed Frameworks */ = {
			isa = PBXCopyFilesBuildPhase;
			buildActionMask = 2147483647;
			dstPath = "";
			dstSubfolderSpec = 10;
			files = (
			);
			name = "Embed Frameworks";
			runOnlyForDeploymentPostprocessing = 0;
		};
/* End PBXCopyFilesBuildPhase section */

/* Begin PBXFileReference section */
		0312D9F2D7E59F2CD36F415E /* MainAssembler.swift */ = {isa = PBXFileReference; lastKnownFileType = sourcecode.swift; path = MainAssembler.swift; sourceTree = "<group>"; };
		135342A0BDF4D3735C44CCB2 /* Info.plist */ = {isa = PBXFileReference; lastKnownFileType = text.plist; path = Info.plist; sourceTree = "<group>"; };
		1917F6553370F828351DA0EA /* MainViewController.swift */ = {isa = PBXFileReference; lastKnownFileType = sourcecode.swift; path = MainViewController.swift; sourceTree = "<group>"; };
		1F45E19A9AA3ADCCC7E0ECB2 /* MdEditor.app */ = {isa = PBXFileReference; explicitFileType = wrapper.application; includeInIndex = 0; path = MdEditor.app; sourceTree = BUILT_PRODUCTS_DIR; };
		2146B48E6D3F1FF111EF4DF6 /* TuistStrings+MdEditor.swift */ = {isa = PBXFileReference; lastKnownFileType = sourcecode.swift; path = "TuistStrings+MdEditor.swift"; sourceTree = "<group>"; };
		21522967D3C438021ED51D1E /* AboutModels.swift */ = {isa = PBXFileReference; lastKnownFileType = sourcecode.swift; path = AboutModels.swift; sourceTree = "<group>"; };
		2413C3394B66262195C857FD /* MdEditorTests.xctest */ = {isa = PBXFileReference; explicitFileType = wrapper.cfbundle; includeInIndex = 0; path = MdEditorTests.xctest; sourceTree = BUILT_PRODUCTS_DIR; };
		271A1A20FFF20FD4F5993376 /* AccessibilityIdentifier.swift */ = {isa = PBXFileReference; lastKnownFileType = sourcecode.swift; path = AccessibilityIdentifier.swift; sourceTree = "<group>"; };
		28D978D35D21A7284D9CBC6B /* AboutPresenter.swift */ = {isa = PBXFileReference; lastKnownFileType = sourcecode.swift; path = AboutPresenter.swift; sourceTree = "<group>"; };
		28F16E9532C1E9913407011A /* OpenDocCell.swift */ = {isa = PBXFileReference; lastKnownFileType = sourcecode.swift; path = OpenDocCell.swift; sourceTree = "<group>"; };
		2AE2B06D55E7B1E030E81BED /* UIViewController+Preview.swift */ = {isa = PBXFileReference; lastKnownFileType = sourcecode.swift; path = "UIViewController+Preview.swift"; sourceTree = "<group>"; };
		2ED68DA5C7938B393207FAFE /* en */ = {isa = PBXFileReference; lastKnownFileType = text.plist.strings; name = en; path = en.lproj/Localizable.strings; sourceTree = "<group>"; };
		358867F78EFEB2401B832CDA /* OpenDocRouter.swift */ = {isa = PBXFileReference; lastKnownFileType = sourcecode.swift; path = OpenDocRouter.swift; sourceTree = "<group>"; };
		44F76FF142CADAEF5D689D78 /* Base */ = {isa = PBXFileReference; lastKnownFileType = file.storyboard; name = Base; path = Base.lproj/LaunchScreen.storyboard; sourceTree = "<group>"; };
		45A7648614273CF2676C545D /* OpenDocModels.swift */ = {isa = PBXFileReference; lastKnownFileType = sourcecode.swift; path = OpenDocModels.swift; sourceTree = "<group>"; };
		4818E7311E247AD0946419E6 /* BoldAndItalic.md */ = {isa = PBXFileReference; lastKnownFileType = net.daringfireball.markdown; path = BoldAndItalic.md; sourceTree = "<group>"; };
		4824AF9F0FE16FF0860E8C74 /* UITableView+RegisterCellsHelper.swift */ = {isa = PBXFileReference; lastKnownFileType = sourcecode.swift; path = "UITableView+RegisterCellsHelper.swift"; sourceTree = "<group>"; };
		4AA67A6D797E879A9E168194 /* AppDelegate.swift */ = {isa = PBXFileReference; lastKnownFileType = sourcecode.swift; path = AppDelegate.swift; sourceTree = "<group>"; };
		4DA1D0072C3797657B12BB2F /* AboutInteractor.swift */ = {isa = PBXFileReference; lastKnownFileType = sourcecode.swift; path = AboutInteractor.swift; sourceTree = "<group>"; };
		4FD953FDB302FF3EC2E02DE9 /* Italic.md */ = {isa = PBXFileReference; lastKnownFileType = net.daringfireball.markdown; path = Italic.md; sourceTree = "<group>"; };
		539BC1828F0390BE2736252C /* Assets.xcassets */ = {isa = PBXFileReference; lastKnownFileType = folder.assetcatalog; path = Assets.xcassets; sourceTree = "<group>"; };
		56AF3DFE43F2243A80332403 /* MainInteractor.swift */ = {isa = PBXFileReference; lastKnownFileType = sourcecode.swift; path = MainInteractor.swift; sourceTree = "<group>"; };
		5B3530538753BEB670802FA5 /* OpenDocViewController.swift */ = {isa = PBXFileReference; lastKnownFileType = sourcecode.swift; path = OpenDocViewController.swift; sourceTree = "<group>"; };
		662A6D104BCFB76BF733809D /* RecentlyItem.swift */ = {isa = PBXFileReference; lastKnownFileType = sourcecode.swift; path = RecentlyItem.swift; sourceTree = "<group>"; };
		6893FC0FFF843EBB807F75D4 /* MainCell.swift */ = {isa = PBXFileReference; lastKnownFileType = sourcecode.swift; path = MainCell.swift; sourceTree = "<group>"; };
		6AC8E9AC3E7CE279FD3FA105 /* Sizes.swift */ = {isa = PBXFileReference; lastKnownFileType = sourcecode.swift; path = Sizes.swift; sourceTree = "<group>"; };
		6CA6A4708D21BEC43E24882E /* ru */ = {isa = PBXFileReference; lastKnownFileType = text.plist.strings; name = ru; path = ru.lproj/LaunchScreen.strings; sourceTree = "<group>"; };
		6FD3993801E47D4D0F700A85 /* AboutWorker.swift */ = {isa = PBXFileReference; lastKnownFileType = sourcecode.swift; path = AboutWorker.swift; sourceTree = "<group>"; };
		733821DA41AAF90ED9065E55 /* AboutAssembler.swift */ = {isa = PBXFileReference; lastKnownFileType = sourcecode.swift; path = AboutAssembler.swift; sourceTree = "<group>"; };
		74F47D5DCBB8183BC6B836E1 /* MainModels.swift */ = {isa = PBXFileReference; lastKnownFileType = sourcecode.swift; path = MainModels.swift; sourceTree = "<group>"; };
		7764351E2FC82B1993533A00 /* AboutViewController.swift */ = {isa = PBXFileReference; lastKnownFileType = sourcecode.swift; path = AboutViewController.swift; sourceTree = "<group>"; };
		87C33385B7D2F46DBDD9E628 /* PinLayout.framework */ = {isa = PBXFileReference; explicitFileType = wrapper.framework; includeInIndex = 0; path = PinLayout.framework; sourceTree = BUILT_PRODUCTS_DIR; };
		8C39C2A08F2F995BB442ABB1 /* OpenDocPresenter.swift */ = {isa = PBXFileReference; lastKnownFileType = sourcecode.swift; path = OpenDocPresenter.swift; sourceTree = "<group>"; };
		901A5FDA8E6E925CAD325D91 /* MainPresenter.swift */ = {isa = PBXFileReference; lastKnownFileType = sourcecode.swift; path = MainPresenter.swift; sourceTree = "<group>"; };
		947CD41A5C76EE9BCF21B1C1 /* MainRouter.swift */ = {isa = PBXFileReference; lastKnownFileType = sourcecode.swift; path = MainRouter.swift; sourceTree = "<group>"; };
		955BC473DB20464852FF8F88 /* MdEditorTests.swift */ = {isa = PBXFileReference; lastKnownFileType = sourcecode.swift; path = MdEditorTests.swift; sourceTree = "<group>"; };
		97E9A5B894798AE0D54D14F9 /* MdEditorTests-Info.plist */ = {isa = PBXFileReference; lastKnownFileType = text.plist; path = "MdEditorTests-Info.plist"; sourceTree = "<group>"; };
		98391EEA7D1E6D20CB6E706B /* Colours.swift */ = {isa = PBXFileReference; lastKnownFileType = sourcecode.swift; path = Colours.swift; sourceTree = "<group>"; };
		98D83C4FB796EE287C7FD631 /* MainRecentlyCell.swift */ = {isa = PBXFileReference; lastKnownFileType = sourcecode.swift; path = MainRecentlyCell.swift; sourceTree = "<group>"; };
		9A0182D2AC5FE78159F7C5A7 /* UITableViewCell+Preview.swift */ = {isa = PBXFileReference; lastKnownFileType = sourcecode.swift; path = "UITableViewCell+Preview.swift"; sourceTree = "<group>"; };
		9A4ADF3711D0BAB10701F67C /* OpenDocAssembler.swift */ = {isa = PBXFileReference; lastKnownFileType = sourcecode.swift; path = OpenDocAssembler.swift; sourceTree = "<group>"; };
		9AC11F43CC55882467F1BDC1 /* UIAlertController+action.swift */ = {isa = PBXFileReference; lastKnownFileType = sourcecode.swift; path = "UIAlertController+action.swift"; sourceTree = "<group>"; };
		A8BAC19C1D449AFA48825B5E /* OpenDocInteractor.swift */ = {isa = PBXFileReference; lastKnownFileType = sourcecode.swift; path = OpenDocInteractor.swift; sourceTree = "<group>"; };
		A9CA0B51767FE22ECA6174E9 /* Headings.md */ = {isa = PBXFileReference; lastKnownFileType = net.daringfireball.markdown; path = Headings.md; sourceTree = "<group>"; };
		B64FAFD73B05D174B4BB4FE9 /* TuistBundle+MdEditor.swift */ = {isa = PBXFileReference; lastKnownFileType = sourcecode.swift; path = "TuistBundle+MdEditor.swift"; sourceTree = "<group>"; };
		B6506D06659F8BB94A17EA8C /* OpenDocFilesWorker.swift */ = {isa = PBXFileReference; lastKnownFileType = sourcecode.swift; path = OpenDocFilesWorker.swift; sourceTree = "<group>"; };
		C5C84FDA806792152A4731B7 /* UICollectionView+RegisterItemsHelper.swift */ = {isa = PBXFileReference; lastKnownFileType = sourcecode.swift; path = "UICollectionView+RegisterItemsHelper.swift"; sourceTree = "<group>"; };
		C80CB3E902ACFD3EB24F080B /* MainMenuManager.swift */ = {isa = PBXFileReference; lastKnownFileType = sourcecode.swift; path = MainMenuManager.swift; sourceTree = "<group>"; };
		C9C9D97092E752EEDA5C3129 /* SceneDelegate.swift */ = {isa = PBXFileReference; lastKnownFileType = sourcecode.swift; path = SceneDelegate.swift; sourceTree = "<group>"; };
		D012491D510FADB27CF95BF2 /* about_ru.md */ = {isa = PBXFileReference; lastKnownFileType = net.daringfireball.markdown; path = about_ru.md; sourceTree = "<group>"; };
		D48F69BE4F98B47A1E9CDDDE /* UIColor+Dynamic.swift */ = {isa = PBXFileReference; lastKnownFileType = sourcecode.swift; path = "UIColor+Dynamic.swift"; sourceTree = "<group>"; };
		D506DBBA71AEDC34AF0B9BF7 /* UIView+Extensions.swift */ = {isa = PBXFileReference; lastKnownFileType = sourcecode.swift; path = "UIView+Extensions.swift"; sourceTree = "<group>"; };
		D5DD05E9EFEB30C676B309A4 /* UserDefaultsService.swift */ = {isa = PBXFileReference; lastKnownFileType = sourcecode.swift; path = UserDefaultsService.swift; sourceTree = "<group>"; };
		DB53D71C54F8E3D48561E7BA /* File.swift */ = {isa = PBXFileReference; lastKnownFileType = sourcecode.swift; path = File.swift; sourceTree = "<group>"; };
		E0167203A43200C06E57C946 /* RecentlyFilesManager.swift */ = {isa = PBXFileReference; lastKnownFileType = sourcecode.swift; path = RecentlyFilesManager.swift; sourceTree = "<group>"; };
		E309FE4100B60251AA15E612 /* TuistAssets+MdEditor.swift */ = {isa = PBXFileReference; lastKnownFileType = sourcecode.swift; path = "TuistAssets+MdEditor.swift"; sourceTree = "<group>"; };
		E631010F117550244EE1BC60 /* UIColor+Hex.swift */ = {isa = PBXFileReference; lastKnownFileType = sourcecode.swift; path = "UIColor+Hex.swift"; sourceTree = "<group>"; };
		F33CF8A96019133B621EFD5B /* UICollectionViewCell+Preview.swift */ = {isa = PBXFileReference; lastKnownFileType = sourcecode.swift; path = "UICollectionViewCell+Preview.swift"; sourceTree = "<group>"; };
		F3F730CCBD274C228812A07B /* Bold.md */ = {isa = PBXFileReference; lastKnownFileType = net.daringfireball.markdown; path = Bold.md; sourceTree = "<group>"; };
		F9715939E77C4E9CED28459C /* ru */ = {isa = PBXFileReference; lastKnownFileType = text.plist.strings; name = ru; path = ru.lproj/Localizable.strings; sourceTree = "<group>"; };
		F9EEDC5A70287A0DA8918D76 /* about_en.md */ = {isa = PBXFileReference; lastKnownFileType = net.daringfireball.markdown; path = about_en.md; sourceTree = "<group>"; };
		FCBEEEF2D5AEE1C52D394044 /* FilesManager.swift */ = {isa = PBXFileReference; lastKnownFileType = sourcecode.swift; path = FilesManager.swift; sourceTree = "<group>"; };
/* End PBXFileReference section */

/* Begin PBXFrameworksBuildPhase section */
		20E853C9F83204F23E6AA71B /* Frameworks */ = {
			isa = PBXFrameworksBuildPhase;
			buildActionMask = 2147483647;
			files = (
				9928DCE793DDB961185DA34F /* PinLayout.framework in Frameworks */,
			);
			runOnlyForDeploymentPostprocessing = 0;
		};
		B9402E847DE2FB8C3C77148A /* Frameworks */ = {
			isa = PBXFrameworksBuildPhase;
			buildActionMask = 2147483647;
			files = (
			);
			runOnlyForDeploymentPostprocessing = 0;
		};
/* End PBXFrameworksBuildPhase section */

/* Begin PBXGroup section */
		09433757354D2414908D4E3B /* Products */ = {
			isa = PBXGroup;
			children = (
				1F45E19A9AA3ADCCC7E0ECB2 /* MdEditor.app */,
				2413C3394B66262195C857FD /* MdEditorTests.xctest */,
				87C33385B7D2F46DBDD9E628 /* PinLayout.framework */,
			);
			name = Products;
			sourceTree = "<group>";
		};
		12829549EE8E3EE3CCFF760E /* Sources */ = {
			isa = PBXGroup;
			children = (
				863C746A11D4CFB5B9287B77 /* Extensions */,
				48C89D66E8E7F262D5306945 /* Managers */,
				D2A83E7A49C6A68C2105D0A6 /* Models */,
				FD2C3DF9661A637DA76F813A /* Scenes */,
				B5A918AF74B875A20E99F83D /* Services */,
				DA113AC37C50A2E77693E1B6 /* Theme */,
				4AA67A6D797E879A9E168194 /* AppDelegate.swift */,
				C9C9D97092E752EEDA5C3129 /* SceneDelegate.swift */,
			);
			path = Sources;
			sourceTree = "<group>";
		};
		212C47D1115EF811D1BC4579 /* Emphasis */ = {
			isa = PBXGroup;
			children = (
				F3F730CCBD274C228812A07B /* Bold.md */,
				4818E7311E247AD0946419E6 /* BoldAndItalic.md */,
				4FD953FDB302FF3EC2E02DE9 /* Italic.md */,
			);
			path = Emphasis;
			sourceTree = "<group>";
		};
		48C89D66E8E7F262D5306945 /* Managers */ = {
			isa = PBXGroup;
			children = (
				FCBEEEF2D5AEE1C52D394044 /* FilesManager.swift */,
				C80CB3E902ACFD3EB24F080B /* MainMenuManager.swift */,
				E0167203A43200C06E57C946 /* RecentlyFilesManager.swift */,
			);
			path = Managers;
			sourceTree = "<group>";
		};
		4E024CF3486B017302EB827C /* Assets */ = {
			isa = PBXGroup;
			children = (
				857CB022A8CFBD525EF78631 /* Examples */,
				D8AD6B8C39B6FC10FBB76D76 /* Private */,
			);
			path = Assets;
			sourceTree = "<group>";
		};
		6271736740D619B4F6FF49AF /* View */ = {
			isa = PBXGroup;
			children = (
				6893FC0FFF843EBB807F75D4 /* MainCell.swift */,
				98D83C4FB796EE287C7FD631 /* MainRecentlyCell.swift */,
				1917F6553370F828351DA0EA /* MainViewController.swift */,
			);
			path = View;
			sourceTree = "<group>";
		};
		690D41BC41FD8397230ECDA9 /* MdEditorTests */ = {
			isa = PBXGroup;
			children = (
				B86B9A4024ECA25F359EEAC6 /* Sources */,
			);
			path = MdEditorTests;
			sourceTree = "<group>";
		};
		6A7BD2D9987E86DC8DF0EEAD /* Frameworks */ = {
			isa = PBXGroup;
			children = (
			);
			name = Frameworks;
			sourceTree = "<group>";
		};
		6B7ACD0936F6B1A783DFAA28 /* Sources */ = {
			isa = PBXGroup;
			children = (
				E309FE4100B60251AA15E612 /* TuistAssets+MdEditor.swift */,
				B64FAFD73B05D174B4BB4FE9 /* TuistBundle+MdEditor.swift */,
				2146B48E6D3F1FF111EF4DF6 /* TuistStrings+MdEditor.swift */,
			);
			path = Sources;
			sourceTree = "<group>";
		};
		76C36C98A08F4E3622E0EA44 /* AboutScene */ = {
			isa = PBXGroup;
			children = (
				733821DA41AAF90ED9065E55 /* AboutAssembler.swift */,
				4DA1D0072C3797657B12BB2F /* AboutInteractor.swift */,
				21522967D3C438021ED51D1E /* AboutModels.swift */,
				28D978D35D21A7284D9CBC6B /* AboutPresenter.swift */,
				7764351E2FC82B1993533A00 /* AboutViewController.swift */,
				6FD3993801E47D4D0F700A85 /* AboutWorker.swift */,
			);
			path = AboutScene;
			sourceTree = "<group>";
		};
		857CB022A8CFBD525EF78631 /* Examples */ = {
			isa = PBXGroup;
			children = (
				212C47D1115EF811D1BC4579 /* Emphasis */,
				A9CA0B51767FE22ECA6174E9 /* Headings.md */,
			);
			path = Examples;
			sourceTree = "<group>";
		};
		863C746A11D4CFB5B9287B77 /* Extensions */ = {
			isa = PBXGroup;
			children = (
				9AC11F43CC55882467F1BDC1 /* UIAlertController+action.swift */,
				C5C84FDA806792152A4731B7 /* UICollectionView+RegisterItemsHelper.swift */,
				F33CF8A96019133B621EFD5B /* UICollectionViewCell+Preview.swift */,
				D48F69BE4F98B47A1E9CDDDE /* UIColor+Dynamic.swift */,
				E631010F117550244EE1BC60 /* UIColor+Hex.swift */,
				4824AF9F0FE16FF0860E8C74 /* UITableView+RegisterCellsHelper.swift */,
				9A0182D2AC5FE78159F7C5A7 /* UITableViewCell+Preview.swift */,
				D506DBBA71AEDC34AF0B9BF7 /* UIView+Extensions.swift */,
				2AE2B06D55E7B1E030E81BED /* UIViewController+Preview.swift */,
			);
			path = Extensions;
			sourceTree = "<group>";
		};
		8F005EF94FB311641E532ECE /* OpenDocScene */ = {
			isa = PBXGroup;
			children = (
				9A4ADF3711D0BAB10701F67C /* OpenDocAssembler.swift */,
				28F16E9532C1E9913407011A /* OpenDocCell.swift */,
				B6506D06659F8BB94A17EA8C /* OpenDocFilesWorker.swift */,
				A8BAC19C1D449AFA48825B5E /* OpenDocInteractor.swift */,
				45A7648614273CF2676C545D /* OpenDocModels.swift */,
				8C39C2A08F2F995BB442ABB1 /* OpenDocPresenter.swift */,
				358867F78EFEB2401B832CDA /* OpenDocRouter.swift */,
				5B3530538753BEB670802FA5 /* OpenDocViewController.swift */,
			);
			path = OpenDocScene;
			sourceTree = "<group>";
		};
		9811A702508B46C00A4ACB6D /* InfoPlists */ = {
			isa = PBXGroup;
			children = (
				97E9A5B894798AE0D54D14F9 /* MdEditorTests-Info.plist */,
			);
			path = InfoPlists;
			sourceTree = "<group>";
		};
		A941A0AA83AC74EA7FC249DC /* Supporting Files */ = {
			isa = PBXGroup;
			children = (
				135342A0BDF4D3735C44CCB2 /* Info.plist */,
			);
			path = "Supporting Files";
			sourceTree = "<group>";
		};
		AF6501DB0322CD156914F714 /* Project */ = {
			isa = PBXGroup;
			children = (
				CA4BA34CD9FC694EB1784B9F /* Derived */,
				CCA3381F1AF2DBB3400F9FFC /* MdEditor */,
				690D41BC41FD8397230ECDA9 /* MdEditorTests */,
			);
			name = Project;
			sourceTree = "<group>";
		};
		B5A918AF74B875A20E99F83D /* Services */ = {
			isa = PBXGroup;
			children = (
				D5DD05E9EFEB30C676B309A4 /* UserDefaultsService.swift */,
			);
			path = Services;
			sourceTree = "<group>";
		};
		B86B9A4024ECA25F359EEAC6 /* Sources */ = {
			isa = PBXGroup;
			children = (
				955BC473DB20464852FF8F88 /* MdEditorTests.swift */,
			);
			path = Sources;
			sourceTree = "<group>";
		};
		CA4BA34CD9FC694EB1784B9F /* Derived */ = {
			isa = PBXGroup;
			children = (
				9811A702508B46C00A4ACB6D /* InfoPlists */,
				6B7ACD0936F6B1A783DFAA28 /* Sources */,
			);
			path = Derived;
			sourceTree = "<group>";
		};
		CCA3381F1AF2DBB3400F9FFC /* MdEditor */ = {
			isa = PBXGroup;
			children = (
				DCAA0EDD6B4D9A14FE16ED4B /* Resources */,
				F0BA3B844566DC60B0B072F4 /* Shared */,
				12829549EE8E3EE3CCFF760E /* Sources */,
				A941A0AA83AC74EA7FC249DC /* Supporting Files */,
			);
			path = MdEditor;
			sourceTree = "<group>";
		};
		CE42BE24DBE28F652C9D2B8C = {
			isa = PBXGroup;
			children = (
				AF6501DB0322CD156914F714 /* Project */,
				6A7BD2D9987E86DC8DF0EEAD /* Frameworks */,
				09433757354D2414908D4E3B /* Products */,
			);
			sourceTree = "<group>";
		};
		D24164E2C2FDBF94E844943A /* VIP */ = {
			isa = PBXGroup;
			children = (
				6271736740D619B4F6FF49AF /* View */,
				56AF3DFE43F2243A80332403 /* MainInteractor.swift */,
				901A5FDA8E6E925CAD325D91 /* MainPresenter.swift */,
			);
			path = VIP;
			sourceTree = "<group>";
		};
		D2A83E7A49C6A68C2105D0A6 /* Models */ = {
			isa = PBXGroup;
			children = (
				DB53D71C54F8E3D48561E7BA /* File.swift */,
				662A6D104BCFB76BF733809D /* RecentlyItem.swift */,
			);
			path = Models;
			sourceTree = "<group>";
		};
		D8AD6B8C39B6FC10FBB76D76 /* Private */ = {
			isa = PBXGroup;
			children = (
				F9EEDC5A70287A0DA8918D76 /* about_en.md */,
				D012491D510FADB27CF95BF2 /* about_ru.md */,
			);
			path = Private;
			sourceTree = "<group>";
		};
		DA113AC37C50A2E77693E1B6 /* Theme */ = {
			isa = PBXGroup;
			children = (
				98391EEA7D1E6D20CB6E706B /* Colours.swift */,
				6AC8E9AC3E7CE279FD3FA105 /* Sizes.swift */,
			);
			path = Theme;
			sourceTree = "<group>";
		};
		DCAA0EDD6B4D9A14FE16ED4B /* Resources */ = {
			isa = PBXGroup;
			children = (
				4E024CF3486B017302EB827C /* Assets */,
				F0AC866C81F1CF12B519071A /* LaunchScreen.storyboard */,
				83F786F873495E8F4A54D4E4 /* Localizable.strings */,
				539BC1828F0390BE2736252C /* Assets.xcassets */,
			);
			path = Resources;
			sourceTree = "<group>";
		};
		EE0F6D8E61EDEEF9B5D03899 /* MainScene */ = {
			isa = PBXGroup;
			children = (
				D24164E2C2FDBF94E844943A /* VIP */,
				0312D9F2D7E59F2CD36F415E /* MainAssembler.swift */,
				74F47D5DCBB8183BC6B836E1 /* MainModels.swift */,
				947CD41A5C76EE9BCF21B1C1 /* MainRouter.swift */,
			);
			path = MainScene;
			sourceTree = "<group>";
		};
		F0BA3B844566DC60B0B072F4 /* Shared */ = {
			isa = PBXGroup;
			children = (
				271A1A20FFF20FD4F5993376 /* AccessibilityIdentifier.swift */,
			);
			path = Shared;
			sourceTree = "<group>";
		};
		FD2C3DF9661A637DA76F813A /* Scenes */ = {
			isa = PBXGroup;
			children = (
				76C36C98A08F4E3622E0EA44 /* AboutScene */,
				EE0F6D8E61EDEEF9B5D03899 /* MainScene */,
				8F005EF94FB311641E532ECE /* OpenDocScene */,
			);
			path = Scenes;
			sourceTree = "<group>";
		};
/* End PBXGroup section */

/* Begin PBXNativeTarget section */
		182EAD9731EF0C0CEDFA91FA /* MdEditor */ = {
			isa = PBXNativeTarget;
			buildConfigurationList = D391253F17C33BA9160225FC /* Build configuration list for PBXNativeTarget "MdEditor" */;
			buildPhases = (
				4DB3A8BD2CC1ECA66F13BF9A /* Sources */,
				2ED88EC158EFB2BDBC373244 /* Resources */,
				EFD6D557A83A5C4FBBA31CD2 /* Embed Frameworks */,
				20E853C9F83204F23E6AA71B /* Frameworks */,
				5D06D2518EF2C71CB836B596 /* SwiftLint */,
			);
			buildRules = (
			);
			dependencies = (
			);
			name = MdEditor;
			productName = MdEditor;
			productReference = 1F45E19A9AA3ADCCC7E0ECB2 /* MdEditor.app */;
			productType = "com.apple.product-type.application";
		};
		F1D78562EACF983BB31A081C /* MdEditorTests */ = {
			isa = PBXNativeTarget;
			buildConfigurationList = 323D56C1955CBF2AEA2A8AC8 /* Build configuration list for PBXNativeTarget "MdEditorTests" */;
			buildPhases = (
				52CE978772A348AA429078CB /* Sources */,
				4CCEAEBCE2E48CD70EBF99A5 /* Resources */,
				E7FF6BD944BC806BBC7471BD /* Embed Frameworks */,
				B9402E847DE2FB8C3C77148A /* Frameworks */,
			);
			buildRules = (
			);
			dependencies = (
				E40AA31EE4A3551E29449757 /* PBXTargetDependency */,
			);
			name = MdEditorTests;
			productName = MdEditorTests;
			productReference = 2413C3394B66262195C857FD /* MdEditorTests.xctest */;
			productType = "com.apple.product-type.bundle.unit-test";
		};
/* End PBXNativeTarget section */

/* Begin PBXProject section */
		4B0050D6E96ECDC31F3596D8 /* Project object */ = {
			isa = PBXProject;
			attributes = {
				BuildIndependentTargetsInParallel = YES;
				ORGANIZATIONNAME = "Ledkov Team";
				TargetAttributes = {
					F1D78562EACF983BB31A081C = {
						TestTargetID = 182EAD9731EF0C0CEDFA91FA;
					};
				};
			};
			buildConfigurationList = 395B29EAB07768BD4B943111 /* Build configuration list for PBXProject "MdEditor" */;
			compatibilityVersion = "Xcode 14.0";
			developmentRegion = en;
			hasScannedForEncodings = 0;
			knownRegions = (
				Base,
				en,
				ru,
			);
			mainGroup = CE42BE24DBE28F652C9D2B8C;
			productRefGroup = 09433757354D2414908D4E3B /* Products */;
			projectDirPath = "";
			projectRoot = "";
			targets = (
				182EAD9731EF0C0CEDFA91FA /* MdEditor */,
				F1D78562EACF983BB31A081C /* MdEditorTests */,
			);
		};
/* End PBXProject section */

/* Begin PBXResourcesBuildPhase section */
		2ED88EC158EFB2BDBC373244 /* Resources */ = {
			isa = PBXResourcesBuildPhase;
			buildActionMask = 2147483647;
			files = (
				6A85067BC2FA42686897B008 /* Assets.xcassets in Resources */,
				8B787052028DED3C264F75AE /* Bold.md in Resources */,
				1C81D392FF13A30579D19183 /* BoldAndItalic.md in Resources */,
				F4839095150E14E52F77C298 /* Italic.md in Resources */,
				AE68099B036E9F6954E1CDBE /* Headings.md in Resources */,
				8A45F20EC98BDCD75C2EC16D /* about_en.md in Resources */,
				6A76E01E42A7F6DC954D5137 /* about_ru.md in Resources */,
				086DC84D1B02D53FBA6ECA5A /* LaunchScreen.storyboard in Resources */,
				48DEFB3D1598621F3B115BF8 /* Localizable.strings in Resources */,
			);
			runOnlyForDeploymentPostprocessing = 0;
		};
		4CCEAEBCE2E48CD70EBF99A5 /* Resources */ = {
			isa = PBXResourcesBuildPhase;
			buildActionMask = 2147483647;
			files = (
			);
			runOnlyForDeploymentPostprocessing = 0;
		};
/* End PBXResourcesBuildPhase section */

/* Begin PBXShellScriptBuildPhase section */
		5D06D2518EF2C71CB836B596 /* SwiftLint */ = {
			isa = PBXShellScriptBuildPhase;
			alwaysOutOfDate = 1;
			buildActionMask = 2147483647;
			files = (
			);
			inputFileListPaths = (
			);
			inputPaths = (
			);
			name = SwiftLint;
			outputFileListPaths = (
			);
			outputPaths = (
			);
			runOnlyForDeploymentPostprocessing = 0;
			shellPath = /bin/sh;
			shellScript = "SwiftLint/swiftlint --fix && SwiftLint/swiftlint";
		};
/* End PBXShellScriptBuildPhase section */

/* Begin PBXSourcesBuildPhase section */
		4DB3A8BD2CC1ECA66F13BF9A /* Sources */ = {
			isa = PBXSourcesBuildPhase;
			buildActionMask = 2147483647;
			files = (
				E4D2D583493B6DE6D23B8C05 /* TuistAssets+MdEditor.swift in Sources */,
				8799579A09BD3367FA709883 /* TuistBundle+MdEditor.swift in Sources */,
				3D473087367671E230E6A629 /* TuistStrings+MdEditor.swift in Sources */,
				1C37BAEE4C98B5EA4F1C4DB0 /* AccessibilityIdentifier.swift in Sources */,
				184190B6D1746E15B5A60477 /* AppDelegate.swift in Sources */,
				4F30407EC1BB396C54DBBE0C /* UIAlertController+action.swift in Sources */,
				690A52341E3C9B69FE264125 /* UICollectionView+RegisterItemsHelper.swift in Sources */,
				474B7736440D71FA1A0EE242 /* UICollectionViewCell+Preview.swift in Sources */,
				81BB18ADECCACD0C0D5F54EC /* UIColor+Dynamic.swift in Sources */,
				AC3EC1E51EB8843A34308920 /* UIColor+Hex.swift in Sources */,
				055A707B432391C5B5CAD6DD /* UITableView+RegisterCellsHelper.swift in Sources */,
				BFE8EEEA2FB80426E04C7396 /* UITableViewCell+Preview.swift in Sources */,
				DB2709406E3C9673821BF712 /* UIView+Extensions.swift in Sources */,
				C3130D22AB5DAE7FB1ACF073 /* UIViewController+Preview.swift in Sources */,
				C84370D2E45F55CB006281CB /* FilesManager.swift in Sources */,
				1AC8245A71A626745DFBE10F /* MainMenuManager.swift in Sources */,
				6C46C7BA6256CF12644BD034 /* RecentlyFilesManager.swift in Sources */,
				FD0ED076CB41DB0BDAA3DA65 /* File.swift in Sources */,
				BAD0108AA5CD56D0091AA27F /* RecentlyItem.swift in Sources */,
				D7E43D9A58A918F8D5DE36DB /* SceneDelegate.swift in Sources */,
				A5F323EC64C27FDACFFC1ECE /* AboutAssembler.swift in Sources */,
				72E54758EBF0A16DDDF417A9 /* AboutInteractor.swift in Sources */,
				36D5E6D6E3DB4D96C5BD0DC0 /* AboutModels.swift in Sources */,
				13446624DCA2D0BCB0809C3B /* AboutPresenter.swift in Sources */,
				25C1C41AF244606D0911E2C4 /* AboutViewController.swift in Sources */,
				EBC93580486A41DA91BAD1FB /* AboutWorker.swift in Sources */,
				85F6A78D914ED63C5AA9867A /* MainAssembler.swift in Sources */,
				CFFBF5F2E1A4E16F7E62C8B0 /* MainModels.swift in Sources */,
				C46FCCD5678456C7AC2CC43C /* MainRouter.swift in Sources */,
				BB8288141B0B870649705614 /* MainInteractor.swift in Sources */,
				0938A1D59C8263B30A5B9C9E /* MainPresenter.swift in Sources */,
				56B1656AE8CDA94AA7DCB69E /* MainCell.swift in Sources */,
				E102701C955408854C01B18B /* MainRecentlyCell.swift in Sources */,
				AAB23329167A3011386231C5 /* MainViewController.swift in Sources */,
				1006A6D8931A4FBF89442141 /* OpenDocAssembler.swift in Sources */,
				10A4B612668E2C4F5D66C656 /* OpenDocCell.swift in Sources */,
				F645B19EEEAC8BF253D5924E /* OpenDocFilesWorker.swift in Sources */,
				3DEE75A92FAAD48166D684EB /* OpenDocInteractor.swift in Sources */,
				00BC38116B751B821A632891 /* OpenDocModels.swift in Sources */,
				17AE9640BE68430373A647C4 /* OpenDocPresenter.swift in Sources */,
				9DC411CF7BE83AD7AF0B6BBC /* OpenDocRouter.swift in Sources */,
				C9609EBE65728EB9F277CB77 /* OpenDocViewController.swift in Sources */,
				49E731B427F0B2F6AE3989CD /* UserDefaultsService.swift in Sources */,
				37D5540B7114158C76B4AB75 /* Colours.swift in Sources */,
				FADF6D1DEC51B3A501CA8E36 /* Sizes.swift in Sources */,
			);
			runOnlyForDeploymentPostprocessing = 0;
		};
		52CE978772A348AA429078CB /* Sources */ = {
			isa = PBXSourcesBuildPhase;
			buildActionMask = 2147483647;
			files = (
				452BEA49DC62A874F79A5F86 /* AccessibilityIdentifier.swift in Sources */,
				DAEDB255177C7DD1C8E07AFA /* MdEditorTests.swift in Sources */,
			);
			runOnlyForDeploymentPostprocessing = 0;
		};
/* End PBXSourcesBuildPhase section */

/* Begin PBXTargetDependency section */
		E40AA31EE4A3551E29449757 /* PBXTargetDependency */ = {
			isa = PBXTargetDependency;
			name = MdEditor;
			target = 182EAD9731EF0C0CEDFA91FA /* MdEditor */;
			targetProxy = 93E6C52F3699DEA8CD132214 /* PBXContainerItemProxy */;
		};
/* End PBXTargetDependency section */

/* Begin PBXVariantGroup section */
		83F786F873495E8F4A54D4E4 /* Localizable.strings */ = {
			isa = PBXVariantGroup;
			children = (
				2ED68DA5C7938B393207FAFE /* en */,
				F9715939E77C4E9CED28459C /* ru */,
			);
			name = Localizable.strings;
			sourceTree = "<group>";
		};
		F0AC866C81F1CF12B519071A /* LaunchScreen.storyboard */ = {
			isa = PBXVariantGroup;
			children = (
				44F76FF142CADAEF5D689D78 /* Base */,
				6CA6A4708D21BEC43E24882E /* ru */,
			);
			name = LaunchScreen.storyboard;
			sourceTree = "<group>";
		};
/* End PBXVariantGroup section */

/* Begin XCBuildConfiguration section */
		305005EDD633A636E83CAB7A /* Debug */ = {
			isa = XCBuildConfiguration;
			buildSettings = {
				ALWAYS_SEARCH_USER_PATHS = NO;
				CLANG_ANALYZER_LOCALIZABILITY_NONLOCALIZED = YES;
				CLANG_ANALYZER_NONNULL = YES;
				CLANG_ANALYZER_NUMBER_OBJECT_CONVERSION = YES_AGGRESSIVE;
				CLANG_CXX_LANGUAGE_STANDARD = "gnu++14";
				CLANG_CXX_LIBRARY = "libc++";
				CLANG_ENABLE_MODULES = YES;
				CLANG_ENABLE_OBJC_ARC = YES;
				CLANG_ENABLE_OBJC_WEAK = YES;
				CLANG_WARN_BLOCK_CAPTURE_AUTORELEASING = YES;
				CLANG_WARN_BOOL_CONVERSION = YES;
				CLANG_WARN_COMMA = YES;
				CLANG_WARN_CONSTANT_CONVERSION = YES;
				CLANG_WARN_DEPRECATED_OBJC_IMPLEMENTATIONS = YES;
				CLANG_WARN_DIRECT_OBJC_ISA_USAGE = YES_ERROR;
				CLANG_WARN_DOCUMENTATION_COMMENTS = YES;
				CLANG_WARN_EMPTY_BODY = YES;
				CLANG_WARN_ENUM_CONVERSION = YES;
				CLANG_WARN_INFINITE_RECURSION = YES;
				CLANG_WARN_INT_CONVERSION = YES;
				CLANG_WARN_NON_LITERAL_NULL_CONVERSION = YES;
				CLANG_WARN_OBJC_IMPLICIT_RETAIN_SELF = YES;
				CLANG_WARN_OBJC_LITERAL_CONVERSION = YES;
				CLANG_WARN_OBJC_ROOT_CLASS = YES_ERROR;
				CLANG_WARN_QUOTED_INCLUDE_IN_FRAMEWORK_HEADER = YES;
				CLANG_WARN_RANGE_LOOP_ANALYSIS = YES;
				CLANG_WARN_STRICT_PROTOTYPES = YES;
				CLANG_WARN_SUSPICIOUS_MOVE = YES;
				CLANG_WARN_UNGUARDED_AVAILABILITY = YES_AGGRESSIVE;
				CLANG_WARN_UNREACHABLE_CODE = YES;
				CLANG_WARN__DUPLICATE_METHOD_MATCH = YES;
				COPY_PHASE_STRIP = NO;
				DEAD_CODE_STRIPPING = YES;
				DEBUG_INFORMATION_FORMAT = dwarf;
				ENABLE_STRICT_OBJC_MSGSEND = YES;
				ENABLE_TESTABILITY = YES;
				GCC_C_LANGUAGE_STANDARD = gnu11;
				GCC_DYNAMIC_NO_PIC = NO;
				GCC_NO_COMMON_BLOCKS = YES;
				GCC_OPTIMIZATION_LEVEL = 0;
				GCC_PREPROCESSOR_DEFINITIONS = (
					"DEBUG=1",
					"$(inherited)",
				);
				GCC_WARN_64_TO_32_BIT_CONVERSION = YES;
				GCC_WARN_ABOUT_RETURN_TYPE = YES_ERROR;
				GCC_WARN_UNDECLARED_SELECTOR = YES;
				GCC_WARN_UNINITIALIZED_AUTOS = YES_AGGRESSIVE;
				GCC_WARN_UNUSED_FUNCTION = YES;
				GCC_WARN_UNUSED_VARIABLE = YES;
				MTL_ENABLE_DEBUG_INFO = YES;
				ONLY_ACTIVE_ARCH = YES;
				PRODUCT_NAME = "$(TARGET_NAME)";
			};
			name = Debug;
		};
		40D9CBF6E0A5ADDBD3608CE4 /* Release */ = {
			isa = XCBuildConfiguration;
			buildSettings = {
				ASSETCATALOG_COMPILER_APPICON_NAME = AppIcon;
				CODE_SIGN_IDENTITY = "iPhone Developer";
				CURRENT_PROJECT_VERSION = 1;
				ENABLE_PREVIEWS = YES;
				INFOPLIST_FILE = "MdEditor/Supporting Files/Info.plist";
				IPHONEOS_DEPLOYMENT_TARGET = 14.0;
				LD_RUNPATH_SEARCH_PATHS = (
					"$(inherited)",
					"@executable_path/Frameworks",
				);
				MARKETING_VERSION = 1.0;
				PRODUCT_BUNDLE_IDENTIFIER = IcemanEATeam.MdEditor;
				PRODUCT_NAME = MdEditor;
				SDKROOT = iphoneos;
				SUPPORTS_MACCATALYST = NO;
				SUPPORTS_MAC_DESIGNED_FOR_IPHONE_IPAD = YES;
				SUPPORTS_XR_DESIGNED_FOR_IPHONE_IPAD = NO;
				SWIFT_COMPILATION_MODE = wholemodule;
				SWIFT_OPTIMIZATION_LEVEL = "-Owholemodule";
				SWIFT_VERSION = 5.0;
				TARGETED_DEVICE_FAMILY = 1;
			};
			name = Release;
		};
		6F9D066B3D33AAC435DDE75C /* Release */ = {
			isa = XCBuildConfiguration;
			buildSettings = {
				ALWAYS_SEARCH_USER_PATHS = NO;
				CLANG_ANALYZER_LOCALIZABILITY_NONLOCALIZED = YES;
				CLANG_ANALYZER_NONNULL = YES;
				CLANG_ANALYZER_NUMBER_OBJECT_CONVERSION = YES_AGGRESSIVE;
				CLANG_CXX_LANGUAGE_STANDARD = "gnu++14";
				CLANG_CXX_LIBRARY = "libc++";
				CLANG_ENABLE_MODULES = YES;
				CLANG_ENABLE_OBJC_ARC = YES;
				CLANG_ENABLE_OBJC_WEAK = YES;
				CLANG_WARN_BLOCK_CAPTURE_AUTORELEASING = YES;
				CLANG_WARN_BOOL_CONVERSION = YES;
				CLANG_WARN_COMMA = YES;
				CLANG_WARN_CONSTANT_CONVERSION = YES;
				CLANG_WARN_DEPRECATED_OBJC_IMPLEMENTATIONS = YES;
				CLANG_WARN_DIRECT_OBJC_ISA_USAGE = YES_ERROR;
				CLANG_WARN_DOCUMENTATION_COMMENTS = YES;
				CLANG_WARN_EMPTY_BODY = YES;
				CLANG_WARN_ENUM_CONVERSION = YES;
				CLANG_WARN_INFINITE_RECURSION = YES;
				CLANG_WARN_INT_CONVERSION = YES;
				CLANG_WARN_NON_LITERAL_NULL_CONVERSION = YES;
				CLANG_WARN_OBJC_IMPLICIT_RETAIN_SELF = YES;
				CLANG_WARN_OBJC_LITERAL_CONVERSION = YES;
				CLANG_WARN_OBJC_ROOT_CLASS = YES_ERROR;
				CLANG_WARN_QUOTED_INCLUDE_IN_FRAMEWORK_HEADER = YES;
				CLANG_WARN_RANGE_LOOP_ANALYSIS = YES;
				CLANG_WARN_STRICT_PROTOTYPES = YES;
				CLANG_WARN_SUSPICIOUS_MOVE = YES;
				CLANG_WARN_UNGUARDED_AVAILABILITY = YES_AGGRESSIVE;
				CLANG_WARN_UNREACHABLE_CODE = YES;
				CLANG_WARN__DUPLICATE_METHOD_MATCH = YES;
				COPY_PHASE_STRIP = NO;
				DEAD_CODE_STRIPPING = YES;
				DEBUG_INFORMATION_FORMAT = "dwarf-with-dsym";
				ENABLE_NS_ASSERTIONS = NO;
				ENABLE_STRICT_OBJC_MSGSEND = YES;
				GCC_C_LANGUAGE_STANDARD = gnu11;
				GCC_NO_COMMON_BLOCKS = YES;
				GCC_WARN_64_TO_32_BIT_CONVERSION = YES;
				GCC_WARN_ABOUT_RETURN_TYPE = YES_ERROR;
				GCC_WARN_UNDECLARED_SELECTOR = YES;
				GCC_WARN_UNINITIALIZED_AUTOS = YES_AGGRESSIVE;
				GCC_WARN_UNUSED_FUNCTION = YES;
				GCC_WARN_UNUSED_VARIABLE = YES;
				MTL_ENABLE_DEBUG_INFO = NO;
				PRODUCT_NAME = "$(TARGET_NAME)";
				VALIDATE_PRODUCT = YES;
			};
			name = Release;
		};
		7E1966FC06F992866B478942 /* Debug */ = {
			isa = XCBuildConfiguration;
			buildSettings = {
				BUNDLE_LOADER = "$(TEST_HOST)";
				CODE_SIGN_IDENTITY = "iPhone Developer";
				INFOPLIST_FILE = "Derived/InfoPlists/MdEditorTests-Info.plist";
				IPHONEOS_DEPLOYMENT_TARGET = 14.0;
				LD_RUNPATH_SEARCH_PATHS = (
					"$(inherited)",
					"@executable_path/Frameworks",
					"@loader_path/Frameworks",
				);
				PRODUCT_BUNDLE_IDENTIFIER = IcemanEATeam.MdEditorTests;
				PRODUCT_NAME = MdEditorTests;
				SDKROOT = iphoneos;
				SUPPORTS_MACCATALYST = NO;
				SUPPORTS_MAC_DESIGNED_FOR_IPHONE_IPAD = YES;
				SUPPORTS_XR_DESIGNED_FOR_IPHONE_IPAD = NO;
				SWIFT_ACTIVE_COMPILATION_CONDITIONS = DEBUG;
				SWIFT_COMPILATION_MODE = singlefile;
				SWIFT_OPTIMIZATION_LEVEL = "-Onone";
				SWIFT_VERSION = 5.0;
				TARGETED_DEVICE_FAMILY = 1;
				TEST_HOST = "$(BUILT_PRODUCTS_DIR)/MdEditor.app/$(BUNDLE_EXECUTABLE_FOLDER_PATH)/MdEditor";
				TEST_TARGET_NAME = MdEditor;
			};
			name = Debug;
		};
		8230E6F8F66043BCFE14FA2B /* Release */ = {
			isa = XCBuildConfiguration;
			buildSettings = {
				BUNDLE_LOADER = "$(TEST_HOST)";
				CODE_SIGN_IDENTITY = "iPhone Developer";
				INFOPLIST_FILE = "Derived/InfoPlists/MdEditorTests-Info.plist";
				IPHONEOS_DEPLOYMENT_TARGET = 14.0;
				LD_RUNPATH_SEARCH_PATHS = (
					"$(inherited)",
					"@executable_path/Frameworks",
					"@loader_path/Frameworks",
				);
				PRODUCT_BUNDLE_IDENTIFIER = IcemanEATeam.MdEditorTests;
				PRODUCT_NAME = MdEditorTests;
				SDKROOT = iphoneos;
				SUPPORTS_MACCATALYST = NO;
				SUPPORTS_MAC_DESIGNED_FOR_IPHONE_IPAD = YES;
				SUPPORTS_XR_DESIGNED_FOR_IPHONE_IPAD = NO;
				SWIFT_COMPILATION_MODE = wholemodule;
				SWIFT_OPTIMIZATION_LEVEL = "-Owholemodule";
				SWIFT_VERSION = 5.0;
				TARGETED_DEVICE_FAMILY = 1;
				TEST_HOST = "$(BUILT_PRODUCTS_DIR)/MdEditor.app/$(BUNDLE_EXECUTABLE_FOLDER_PATH)/MdEditor";
				TEST_TARGET_NAME = MdEditor;
			};
			name = Release;
		};
		E0FCDC41CF4C721818AD29D3 /* Debug */ = {
			isa = XCBuildConfiguration;
			buildSettings = {
				ASSETCATALOG_COMPILER_APPICON_NAME = AppIcon;
				CODE_SIGN_IDENTITY = "iPhone Developer";
				CURRENT_PROJECT_VERSION = 1;
				ENABLE_PREVIEWS = YES;
				INFOPLIST_FILE = "MdEditor/Supporting Files/Info.plist";
				IPHONEOS_DEPLOYMENT_TARGET = 14.0;
				LD_RUNPATH_SEARCH_PATHS = (
					"$(inherited)",
					"@executable_path/Frameworks",
				);
				MARKETING_VERSION = 1.0;
				PRODUCT_BUNDLE_IDENTIFIER = IcemanEATeam.MdEditor;
				PRODUCT_NAME = MdEditor;
				SDKROOT = iphoneos;
				SUPPORTS_MACCATALYST = NO;
				SUPPORTS_MAC_DESIGNED_FOR_IPHONE_IPAD = YES;
				SUPPORTS_XR_DESIGNED_FOR_IPHONE_IPAD = NO;
				SWIFT_ACTIVE_COMPILATION_CONDITIONS = DEBUG;
				SWIFT_COMPILATION_MODE = singlefile;
				SWIFT_OPTIMIZATION_LEVEL = "-Onone";
				SWIFT_VERSION = 5.0;
				TARGETED_DEVICE_FAMILY = 1;
			};
			name = Debug;
		};
/* End XCBuildConfiguration section */

/* Begin XCConfigurationList section */
		323D56C1955CBF2AEA2A8AC8 /* Build configuration list for PBXNativeTarget "MdEditorTests" */ = {
			isa = XCConfigurationList;
			buildConfigurations = (
				7E1966FC06F992866B478942 /* Debug */,
				8230E6F8F66043BCFE14FA2B /* Release */,
			);
			defaultConfigurationIsVisible = 0;
			defaultConfigurationName = Release;
		};
		395B29EAB07768BD4B943111 /* Build configuration list for PBXProject "MdEditor" */ = {
			isa = XCConfigurationList;
			buildConfigurations = (
				305005EDD633A636E83CAB7A /* Debug */,
				6F9D066B3D33AAC435DDE75C /* Release */,
			);
			defaultConfigurationIsVisible = 0;
			defaultConfigurationName = Release;
		};
		D391253F17C33BA9160225FC /* Build configuration list for PBXNativeTarget "MdEditor" */ = {
			isa = XCConfigurationList;
			buildConfigurations = (
				E0FCDC41CF4C721818AD29D3 /* Debug */,
				40D9CBF6E0A5ADDBD3608CE4 /* Release */,
			);
			defaultConfigurationIsVisible = 0;
			defaultConfigurationName = Release;
		};
/* End XCConfigurationList section */
	};
	rootObject = 4B0050D6E96ECDC31F3596D8 /* Project object */;
}
